
Microsoft Visual Studio Solution File, Format Version 12.00
# Visual Studio Version 16
VisualStudioVersion = 16.0.28407.52
MinimumVisualStudioVersion = 10.0.40219.1
Project("{9A19103F-16F7-4668-BE54-9A1E7A4F7556}") = "maskx.AspNetCore.SignalR.RabbitMQ", "src\maskx.AspNetCore.SignalR.RabbitMQ\maskx.AspNetCore.SignalR.RabbitMQ.csproj", "{783CD227-8B10-49BE-A4DF-B238CCA4737A}"
EndProject
Project("{9A19103F-16F7-4668-BE54-9A1E7A4F7556}") = "maskx.AspNetCore.SignalR.RabbitMQ.Tests", "src\maskx.AspNetCore.SignalR.RabbitMQ.Tests\maskx.AspNetCore.SignalR.RabbitMQ.Tests.csproj", "{90097CE0-663A-478B-AD3D-9595D4C5D952}"
EndProject
Project("{2150E333-8FDC-42A3-9474-1A3956D46DE8}") = "doc", "doc", "{ECF5D72C-A6E7-4D19-AFE8-0705B24AE88B}"
	ProjectSection(SolutionItems) = preProject
		doc\dev.md = doc\dev.md
	EndProjectSection
EndProject
Project("{9A19103F-16F7-4668-BE54-9A1E7A4F7556}") = "SignalR1.0.4", "src\SignalR1.0.4\SignalR1.0.4.csproj", "{5C74F73F-C08F-4C0D-B2FE-5DCD6BE60004}"
EndProject
Global
	GlobalSection(SolutionConfigurationPlatforms) = preSolution
		Debug|Any CPU = Debug|Any CPU
		Release|Any CPU = Release|Any CPU
	EndGlobalSection
	GlobalSection(ProjectConfigurationPlatforms) = postSolution
		{783CD227-8B10-49BE-A4DF-B238CCA4737A}.Debug|Any CPU.ActiveCfg = Debug|Any CPU
		{783CD227-8B10-49BE-A4DF-B238CCA4737A}.Debug|Any CPU.Build.0 = Debug|Any CPU
		{783CD227-8B10-49BE-A4DF-B238CCA4737A}.Release|Any CPU.ActiveCfg = Release|Any CPU
		{783CD227-8B10-49BE-A4DF-B238CCA4737A}.Release|Any CPU.Build.0 = Release|Any CPU
		{90097CE0-663A-478B-AD3D-9595D4C5D952}.Debug|Any CPU.ActiveCfg = Debug|Any CPU
		{90097CE0-663A-478B-AD3D-9595D4C5D952}.Debug|Any CPU.Build.0 = Debug|Any CPU
		{90097CE0-663A-478B-AD3D-9595D4C5D952}.Release|Any CPU.ActiveCfg = Release|Any CPU
		{90097CE0-663A-478B-AD3D-9595D4C5D952}.Release|Any CPU.Build.0 = Release|Any CPU
		{5C74F73F-C08F-4C0D-B2FE-5DCD6BE60004}.Debug|Any CPU.ActiveCfg = Debug|Any CPU
		{5C74F73F-C08F-4C0D-B2FE-5DCD6BE60004}.Debug|Any CPU.Build.0 = Debug|Any CPU
		{5C74F73F-C08F-4C0D-B2FE-5DCD6BE60004}.Release|Any CPU.ActiveCfg = Release|Any CPU
		{5C74F73F-C08F-4C0D-B2FE-5DCD6BE60004}.Release|Any CPU.Build.0 = Release|Any CPU
	EndGlobalSection
	GlobalSection(SolutionProperties) = preSolution
		HideSolutionNode = FALSE
	EndGlobalSection
	GlobalSection(ExtensibilityGlobals) = postSolution
		SolutionGuid = {D827503D-55A6-4400-9E96-72663E1594BC}
	EndGlobalSection
EndGlobal
